// !$*UTF8*$!
{
	archiveVersion = 1;
	classes = {
	};
	objectVersion = 46;
	objects = {

/* Begin PBXBuildFile section */
		46BA3D6F1AA0F3E10026B092 /* AppDelegate.swift in Sources */ = {isa = PBXBuildFile; fileRef = 46BA3D6E1AA0F3E10026B092 /* AppDelegate.swift */; };
		46BA3D711AA0F3E10026B092 /* ViewController.swift in Sources */ = {isa = PBXBuildFile; fileRef = 46BA3D701AA0F3E10026B092 /* ViewController.swift */; };
		46BA3D741AA0F3E10026B092 /* Main.storyboard in Resources */ = {isa = PBXBuildFile; fileRef = 46BA3D721AA0F3E10026B092 /* Main.storyboard */; };
		46BA3D761AA0F3E10026B092 /* Images.xcassets in Resources */ = {isa = PBXBuildFile; fileRef = 46BA3D751AA0F3E10026B092 /* Images.xcassets */; };
		46BA3D791AA0F3E10026B092 /* LaunchScreen.xib in Resources */ = {isa = PBXBuildFile; fileRef = 46BA3D771AA0F3E10026B092 /* LaunchScreen.xib */; };
		46BA3D851AA0F3E20026B092 /* ShoeConverterTests.swift in Sources */ = {isa = PBXBuildFile; fileRef = 46BA3D841AA0F3E20026B092 /* ShoeConverterTests.swift */; };
/* End PBXBuildFile section */

/* Begin PBXContainerItemProxy section */
		46BA3D7F1AA0F3E20026B092 /* PBXContainerItemProxy */ = {
			isa = PBXContainerItemProxy;
			containerPortal = 46BA3D611AA0F3E10026B092 /* Project object */;
			proxyType = 1;
			remoteGlobalIDString = 46BA3D681AA0F3E10026B092;
			remoteInfo = ShoeConverter;
		};
/* End PBXContainerItemProxy section */

/* Begin PBXFileReference section */
		46BA3D691AA0F3E10026B092 /* ShoeConverter.app */ = {isa = PBXFileReference; explicitFileType = wrapper.application; includeInIndex = 0; path = ShoeConverter.app; sourceTree = BUILT_PRODUCTS_DIR; };
		46BA3D6D1AA0F3E10026B092 /* Info.plist */ = {isa = PBXFileReference; lastKnownFileType = text.plist.xml; path = Info.plist; sourceTree = "<group>"; };
		46BA3D6E1AA0F3E10026B092 /* AppDelegate.swift */ = {isa = PBXFileReference; lastKnownFileType = sourcecode.swift; path = AppDelegate.swift; sourceTree = "<group>"; };
		46BA3D701AA0F3E10026B092 /* ViewController.swift */ = {isa = PBXFileReference; lastKnownFileType = sourcecode.swift; path = ViewController.swift; sourceTree = "<group>"; };
		46BA3D731AA0F3E10026B092 /* Base */ = {isa = PBXFileReference; lastKnownFileType = file.storyboard; name = Base; path = Base.lproj/Main.storyboard; sourceTree = "<group>"; };
		46BA3D751AA0F3E10026B092 /* Images.xcassets */ = {isa = PBXFileReference; lastKnownFileType = folder.assetcatalog; path = Images.xcassets; sourceTree = "<group>"; };
		46BA3D781AA0F3E10026B092 /* Base */ = {isa = PBXFileReference; lastKnownFileType = file.xib; name = Base; path = Base.lproj/LaunchScreen.xib; sourceTree = "<group>"; };
		46BA3D7E1AA0F3E20026B092 /* ShoeConverterTests.xctest */ = {isa = PBXFileReference; explicitFileType = wrapper.cfbundle; includeInIndex = 0; path = ShoeConverterTests.xctest; sourceTree = BUILT_PRODUCTS_DIR; };
		46BA3D831AA0F3E20026B092 /* Info.plist */ = {isa = PBXFileReference; lastKnownFileType = text.plist.xml; path = Info.plist; sourceTree = "<group>"; };
		46BA3D841AA0F3E20026B092 /* ShoeConverterTests.swift */ = {isa = PBXFileReference; lastKnownFileType = sourcecode.swift; path = ShoeConverterTests.swift; sourceTree = "<group>"; };
/* End PBXFileReference section */

/* Begin PBXFrameworksBuildPhase section */
		46BA3D661AA0F3E10026B092 /* Frameworks */ = {
			isa = PBXFrameworksBuildPhase;
			buildActionMask = 2147483647;
			files = (
			);
			runOnlyForDeploymentPostprocessing = 0;
		};
		46BA3D7B1AA0F3E20026B092 /* Frameworks */ = {
			isa = PBXFrameworksBuildPhase;
			buildActionMask = 2147483647;
			files = (
			);
			runOnlyForDeploymentPostprocessing = 0;
		};
/* End PBXFrameworksBuildPhase section */

/* Begin PBXGroup section */
		46BA3D601AA0F3E10026B092 = {
			isa = PBXGroup;
			children = (
				46BA3D6B1AA0F3E10026B092 /* ShoeConverter */,
				46BA3D811AA0F3E20026B092 /* ShoeConverterTests */,
				46BA3D6A1AA0F3E10026B092 /* Products */,
			);
			sourceTree = "<group>";
		};
		46BA3D6A1AA0F3E10026B092 /* Products */ = {
			isa = PBXGroup;
			children = (
				46BA3D691AA0F3E10026B092 /* ShoeConverter.app */,
				46BA3D7E1AA0F3E20026B092 /* ShoeConverterTests.xctest */,
			);
			name = Products;
			sourceTree = "<group>";
		};
		46BA3D6B1AA0F3E10026B092 /* ShoeConverter */ = {
			isa = PBXGroup;
			children = (
				46BA3D6E1AA0F3E10026B092 /* AppDelegate.swift */,
				46BA3D701AA0F3E10026B092 /* ViewController.swift */,
				46BA3D721AA0F3E10026B092 /* Main.storyboard */,
				46BA3D751AA0F3E10026B092 /* Images.xcassets */,
				46BA3D771AA0F3E10026B092 /* LaunchScreen.xib */,
				46BA3D6C1AA0F3E10026B092 /* Supporting Files */,
			);
			path = ShoeConverter;
			sourceTree = "<group>";
		};
		46BA3D6C1AA0F3E10026B092 /* Supporting Files */ = {
			isa = PBXGroup;
			children = (
				46BA3D6D1AA0F3E10026B092 /* Info.plist */,
			);
			name = "Supporting Files";
			sourceTree = "<group>";
		};
		46BA3D811AA0F3E20026B092 /* ShoeConverterTests */ = {
			isa = PBXGroup;
			children = (
				46BA3D841AA0F3E20026B092 /* ShoeConverterTests.swift */,
				46BA3D821AA0F3E20026B092 /* Supporting Files */,
			);
			path = ShoeConverterTests;
			sourceTree = "<group>";
		};
		46BA3D821AA0F3E20026B092 /* Supporting Files */ = {
			isa = PBXGroup;
			children = (
				46BA3D831AA0F3E20026B092 /* Info.plist */,
			);
			name = "Supporting Files";
			sourceTree = "<group>";
		};
/* End PBXGroup section */

/* Begin PBXNativeTarget section */
		46BA3D681AA0F3E10026B092 /* ShoeConverter */ = {
			isa = PBXNativeTarget;
			buildConfigurationList = 46BA3D881AA0F3E20026B092 /* Build configuration list for PBXNativeTarget "ShoeConverter" */;
			buildPhases = (
				46BA3D651AA0F3E10026B092 /* Sources */,
				46BA3D661AA0F3E10026B092 /* Frameworks */,
				46BA3D671AA0F3E10026B092 /* Resources */,
			);
			buildRules = (
			);
			dependencies = (
			);
			name = ShoeConverter;
			productName = ShoeConverter;
			productReference = 46BA3D691AA0F3E10026B092 /* ShoeConverter.app */;
			productType = "com.apple.product-type.application";
		};
		46BA3D7D1AA0F3E20026B092 /* ShoeConverterTests */ = {
			isa = PBXNativeTarget;
			buildConfigurationList = 46BA3D8B1AA0F3E20026B092 /* Build configuration list for PBXNativeTarget "ShoeConverterTests" */;
			buildPhases = (
				46BA3D7A1AA0F3E20026B092 /* Sources */,
				46BA3D7B1AA0F3E20026B092 /* Frameworks */,
				46BA3D7C1AA0F3E20026B092 /* Resources */,
			);
			buildRules = (
			);
			dependencies = (
				46BA3D801AA0F3E20026B092 /* PBXTargetDependency */,
			);
			name = ShoeConverterTests;
			productName = ShoeConverterTests;
			productReference = 46BA3D7E1AA0F3E20026B092 /* ShoeConverterTests.xctest */;
			productType = "com.apple.product-type.bundle.unit-test";
		};
/* End PBXNativeTarget section */

/* Begin PBXProject section */
		46BA3D611AA0F3E10026B092 /* Project object */ = {
			isa = PBXProject;
			attributes = {
				LastUpgradeCheck = 0610;
				ORGANIZATIONNAME = "Sonia Rosa";
				TargetAttributes = {
					46BA3D681AA0F3E10026B092 = {
						CreatedOnToolsVersion = 6.1.1;
					};
					46BA3D7D1AA0F3E20026B092 = {
						CreatedOnToolsVersion = 6.1.1;
						TestTargetID = 46BA3D681AA0F3E10026B092;
					};
				};
			};
			buildConfigurationList = 46BA3D641AA0F3E10026B092 /* Build configuration list for PBXProject "ShoeConverter" */;
			compatibilityVersion = "Xcode 3.2";
			developmentRegion = English;
			hasScannedForEncodings = 0;
			knownRegions = (
				en,
				Base,
			);
			mainGroup = 46BA3D601AA0F3E10026B092;
			productRefGroup = 46BA3D6A1AA0F3E10026B092 /* Products */;
			projectDirPath = "";
			projectRoot = "";
			targets = (
				46BA3D681AA0F3E10026B092 /* ShoeConverter */,
				46BA3D7D1AA0F3E20026B092 /* ShoeConverterTests */,
			);
		};
/* End PBXProject section */

/* Begin PBXResourcesBuildPhase section */
		46BA3D671AA0F3E10026B092 /* Resources */ = {
			isa = PBXResourcesBuildPhase;
			buildActionMask = 2147483647;
			files = (
				46BA3D741AA0F3E10026B092 /* Main.storyboard in Resources */,
				46BA3D791AA0F3E10026B092 /* LaunchScreen.xib in Resources */,
				46BA3D761AA0F3E10026B092 /* Images.xcassets in Resources */,
			);
			runOnlyForDeploymentPostprocessing = 0;
		};
		46BA3D7C1AA0F3E20026B092 /* Resources */ = {
			isa = PBXResourcesBuildPhase;
			buildActionMask = 2147483647;
			files = (
			);
			runOnlyForDeploymentPostprocessing = 0;
		};
/* End PBXResourcesBuildPhase section */

/* Begin PBXSourcesBuildPhase section */
		46BA3D651AA0F3E10026B092 /* Sources */ = {
			isa = PBXSourcesBuildPhase;
			buildActionMask = 2147483647;
			files = (
				46BA3D711AA0F3E10026B092 /* ViewController.swift in Sources */,
				46BA3D6F1AA0F3E10026B092 /* AppDelegate.swift in Sources */,
			);
			runOnlyForDeploymentPostprocessing = 0;
		};
		46BA3D7A1AA0F3E20026B092 /* Sources */ = {
			isa = PBXSourcesBuildPhase;
			buildActionMask = 2147483647;
			files = (
				46BA3D851AA0F3E20026B092 /* ShoeConverterTests.swift in Sources */,
			);
			runOnlyForDeploymentPostprocessing = 0;
		};
/* End PBXSourcesBuildPhase section */

/* Begin PBXTargetDependency section */
		46BA3D801AA0F3E20026B092 /* PBXTargetDependency */ = {
			isa = PBXTargetDependency;
			target = 46BA3D681AA0F3E10026B092 /* ShoeConverter */;
			targetProxy = 46BA3D7F1AA0F3E20026B092 /* PBXContainerItemProxy */;
		};
/* End PBXTargetDependency section */

/* Begin PBXVariantGroup section */
		46BA3D721AA0F3E10026B092 /* Main.storyboard */ = {
			isa = PBXVariantGroup;
			children = (
				46BA3D731AA0F3E10026B092 /* Base */,
			);
			name = Main.storyboard;
			sourceTree = "<group>";
		};
		46BA3D771AA0F3E10026B092 /* LaunchScreen.xib */ = {
			isa = PBXVariantGroup;
			children = (
				46BA3D781AA0F3E10026B092 /* Base */,
			);
			name = LaunchScreen.xib;
			sourceTree = "<group>";
		};
/* End PBXVariantGroup section */

/* Begin XCBuildConfiguration section */
		46BA3D861AA0F3E20026B092 /* Debug */ = {
			isa = XCBuildConfiguration;
			buildSettings = {
				ALWAYS_SEARCH_USER_PATHS = NO;
				CLANG_CXX_LANGUAGE_STANDARD = "gnu++0x";
				CLANG_CXX_LIBRARY = "libc++";
				CLANG_ENABLE_MODULES = YES;
				CLANG_ENABLE_OBJC_ARC = YES;
				CLANG_WARN_BOOL_CONVERSION = YES;
				CLANG_WARN_CONSTANT_CONVERSION = YES;
				CLANG_WARN_DIRECT_OBJC_ISA_USAGE = YES_ERROR;
				CLANG_WARN_EMPTY_BODY = YES;
				CLANG_WARN_ENUM_CONVERSION = YES;
				CLANG_WARN_INT_CONVERSION = YES;
				CLANG_WARN_OBJC_ROOT_CLASS = YES_ERROR;
				CLANG_WARN_UNREACHABLE_CODE = YES;
				CLANG_WARN__DUPLICATE_METHOD_MATCH = YES;
				"CODE_SIGN_IDENTITY[sdk=iphoneos*]" = "iPhone Developer";
				COPY_PHASE_STRIP = NO;
				ENABLE_STRICT_OBJC_MSGSEND = YES;
				GCC_C_LANGUAGE_STANDARD = gnu99;
				GCC_DYNAMIC_NO_PIC = NO;
				GCC_OPTIMIZATION_LEVEL = 0;
				GCC_PREPROCESSOR_DEFINITIONS = (
					"DEBUG=1",
					"$(inherited)",
				);
				GCC_SYMBOLS_PRIVATE_EXTERN = NO;
				GCC_WARN_64_TO_32_BIT_CONVERSION = YES;
				GCC_WARN_ABOUT_RETURN_TYPE = YES_ERROR;
				GCC_WARN_UNDECLARED_SELECTOR = YES;
				GCC_WARN_UNINITIALIZED_AUTOS = YES_AGGRESSIVE;
				GCC_WARN_UNUSED_FUNCTION = YES;
				GCC_WARN_UNUSED_VARIABLE = YES;
				IPHONEOS_DEPLOYMENT_TARGET = 8.1;
				MTL_ENABLE_DEBUG_INFO = YES;
				ONLY_ACTIVE_ARCH = YES;
				SDKROOT = iphoneos;
				SWIFT_OPTIMIZATION_LEVEL = "-Onone";
				TARGETED_DEVICE_FAMILY = "1,2";
			};
			name = Debug;
		};
		46BA3D871AA0F3E20026B092 /* Release */ = {
			isa = XCBuildConfiguration;
			buildSettings = {
				ALWAYS_SEARCH_USER_PATHS = NO;
				CLANG_CXX_LANGUAGE_STANDARD = "gnu++0x";
				CLANG_CXX_LIBRARY = "libc++";
				CLANG_ENABLE_MODULES = YES;
				CLANG_ENABLE_OBJC_ARC = YES;
				CLANG_WARN_BOOL_CONVERSION = YES;
				CLANG_WARN_CONSTANT_CONVERSION = YES;
				CLANG_WARN_DIRECT_OBJC_ISA_USAGE = YES_ERROR;
				CLANG_WARN_EMPTY_BODY = YES;
				CLANG_WARN_ENUM_CONVERSION = YES;
				CLANG_WARN_INT_CONVERSION = YES;
				CLANG_WARN_OBJC_ROOT_CLASS = YES_ERROR;
				CLANG_WARN_UNREACHABLE_CODE = YES;
				CLANG_WARN__DUPLICATE_METHOD_MATCH = YES;
				"CODE_SIGN_IDENTITY[sdk=iphoneos*]" = "iPhone Developer";
				COPY_PHASE_STRIP = YES;
				ENABLE_NS_ASSERTIONS = NO;
				ENABLE_STRICT_OBJC_MSGSEND = YES;
				GCC_C_LANGUAGE_STANDARD = gnu99;
				GCC_WARN_64_TO_32_BIT_CONVERSION = YES;
				GCC_WARN_ABOUT_RETURN_TYPE = YES_ERROR;
				GCC_WARN_UNDECLARED_SELECTOR = YES;
				GCC_WARN_UNINITIALIZED_AUTOS = YES_AGGRESSIVE;
				GCC_WARN_UNUSED_FUNCTION = YES;
				GCC_WARN_UNUSED_VARIABLE = YES;
				IPHONEOS_DEPLOYMENT_TARGET = 8.1;
				MTL_ENABLE_DEBUG_INFO = NO;
				SDKROOT = iphoneos;
				TARGETED_DEVICE_FAMILY = "1,2";
				VALIDATE_PRODUCT = YES;
			};
			name = Release;
		};
		46BA3D891AA0F3E20026B092 /* Debug */ = {
			isa = XCBuildConfiguration;
			buildSettings = {
				ASSETCATALOG_COMPILER_APPICON_NAME = AppIcon;
				INFOPLIST_FILE = ShoeConverter/Info.plist;
				LD_RUNPATH_SEARCH_PATHS = "$(inherited) @executable_path/Frameworks";
				PRODUCT_NAME = "$(TARGET_NAME)";
			};
			name = Debug;
		};
		46BA3D8A1AA0F3E20026B092 /* Release */ = {
			isa = XCBuildConfiguration;
			buildSettings = {
				ASSETCATALOG_COMPILER_APPICON_NAME = AppIcon;
				INFOPLIST_FILE = ShoeConverter/Info.plist;
				LD_RUNPATH_SEARCH_PATHS = "$(inherited) @executable_path/Frameworks";
				PRODUCT_NAME = "$(TARGET_NAME)";
			};
			name = Release;
		};
		46BA3D8C1AA0F3E20026B092 /* Debug */ = {
			isa = XCBuildConfiguration;
			buildSettings = {
				BUNDLE_LOADER = "$(TEST_HOST)";
				FRAMEWORK_SEARCH_PATHS = (
					"$(SDKROOT)/Developer/Library/Frameworks",
					"$(inherited)",
				);
				GCC_PREPROCESSOR_DEFINITIONS = (
					"DEBUG=1",
					"$(inherited)",
				);
				INFOPLIST_FILE = ShoeConverterTests/Info.plist;
				LD_RUNPATH_SEARCH_PATHS = "$(inherited) @executable_path/Frameworks @loader_path/Frameworks";
				PRODUCT_NAME = "$(TARGET_NAME)";
				TEST_HOST = "$(BUILT_PRODUCTS_DIR)/ShoeConverter.app/ShoeConverter";
			};
			name = Debug;
		};
		46BA3D8D1AA0F3E20026B092 /* Release */ = {
			isa = XCBuildConfiguration;
			buildSettings = {
				BUNDLE_LOADER = "$(TEST_HOST)";
				FRAMEWORK_SEARCH_PATHS = (
					"$(SDKROOT)/Developer/Library/Frameworks",
					"$(inherited)",
				);
				INFOPLIST_FILE = ShoeConverterTests/Info.plist;
				LD_RUNPATH_SEARCH_PATHS = "$(inherited) @executable_path/Frameworks @loader_path/Frameworks";
				PRODUCT_NAME = "$(TARGET_NAME)";
				TEST_HOST = "$(BUILT_PRODUCTS_DIR)/ShoeConverter.app/ShoeConverter";
			};
			name = Release;
		};
/* End XCBuildConfiguration section */

/* Begin XCConfigurationList section */
		46BA3D641AA0F3E10026B092 /* Build configuration list for PBXProject "ShoeConverter" */ = {
			isa = XCConfigurationList;
			buildConfigurations = (
				46BA3D861AA0F3E20026B092 /* Debug */,
				46BA3D871AA0F3E20026B092 /* Release */,
			);
			defaultConfigurationIsVisible = 0;
			defaultConfigurationName = Release;
		};
		46BA3D881AA0F3E20026B092 /* Build configuration list for PBXNativeTarget "ShoeConverter" */ = {
			isa = XCConfigurationList;
			buildConfigurations = (
				46BA3D891AA0F3E20026B092 /* Debug */,
				46BA3D8A1AA0F3E20026B092 /* Release */,
			);
			defaultConfigurationIsVisible = 0;
		};
		46BA3D8B1AA0F3E20026B092 /* Build configuration list for PBXNativeTarget "ShoeConverterTests" */ = {
			isa = XCConfigurationList;
			buildConfigurations = (
				46BA3D8C1AA0F3E20026B092 /* Debug */,
				46BA3D8D1AA0F3E20026B092 /* Release */,
			);
			defaultConfigurationIsVisible = 0;
		};
/* End XCConfigurationList section */
	};
	rootObject = 46BA3D611AA0F3E10026B092 /* Project object */;
}
